
Microsoft Visual Studio Solution File, Format Version 12.00
# Visual Studio 14
VisualStudioVersion = 14.0.25420.1
MinimumVisualStudioVersion = 10.0.40219.1
Project("{FAE04EC0-301F-11D3-BF4B-00C04F79EFBC}") = "ArcGisXSockets.Web", "ArcGisXSockets.Web\ArcGisXSockets.Web.csproj", "{63F3D7D4-8943-4160-8EE6-CC964861F52C}"
EndProject
Project("{FAE04EC0-301F-11D3-BF4B-00C04F79EFBC}") = "ArcGisXSockets.Server", "ArcGisXSockets.Server\ArcGisXSockets.Server.csproj", "{4D61710B-F98F-4E52-8B98-E31597590127}"
EndProject
Global
	GlobalSection(SolutionConfigurationPlatforms) = preSolution
		Debug|Any CPU = Debug|Any CPU
		Release|Any CPU = Release|Any CPU
	EndGlobalSection
	GlobalSection(ProjectConfigurationPlatforms) = postSolution
		{63F3D7D4-8943-4160-8EE6-CC964861F52C}.Debug|Any CPU.ActiveCfg = Debug|Any CPU
		{63F3D7D4-8943-4160-8EE6-CC964861F52C}.Debug|Any CPU.Build.0 = Debug|Any CPU
		{63F3D7D4-8943-4160-8EE6-CC964861F52C}.Release|Any CPU.ActiveCfg = Release|Any CPU
		{63F3D7D4-8943-4160-8EE6-CC964861F52C}.Release|Any CPU.Build.0 = Release|Any CPU
		{4D61710B-F98F-4E52-8B98-E31597590127}.Debug|Any CPU.ActiveCfg = Debug|Any CPU
		{4D61710B-F98F-4E52-8B98-E31597590127}.Debug|Any CPU.Build.0 = Debug|Any CPU
		{4D61710B-F98F-4E52-8B98-E31597590127}.Release|Any CPU.ActiveCfg = Release|Any CPU
		{4D61710B-F98F-4E52-8B98-E31597590127}.Release|Any CPU.Build.0 = Release|Any CPU
	EndGlobalSection
	GlobalSection(SolutionProperties) = preSolution
		HideSolutionNode = FALSE
	EndGlobalSection
EndGlobal
